
Microsoft Visual Studio Solution File, Format Version 12.00
# Visual Studio Version 17
VisualStudioVersion = 17.0.31903.59
MinimumVisualStudioVersion = 10.0.40219.1
Project("{FAE04EC0-301F-11D3-BF4B-00C04F79EFBC}") = "TaskBridge.Api", "src\projects\TaskBridge.Api\TaskBridge.Api.csproj", "{3764BB70-8DA6-49E2-9CB5-A6DF4F8FB2DF}"
EndProject
Project("{FAE04EC0-301F-11D3-BF4B-00C04F79EFBC}") = "TaskBridge.Tests", "tests\TaskBridge.Tests\TaskBridge.Tests.csproj", "{C682D39B-758D-4925-B393-87D67E57CE63}"
EndProject
Project("{FAE04EC0-301F-11D3-BF4B-00C04F79EFBC}") = "TaskBridge.Notifications", "src\notifications\TaskBridge.Notifications.csproj", "{1E9AA4E2-F7A9-46B0-8A9B-6B27F7A68D2C}"
EndProject
Project("{2150E333-8FDC-42A3-9474-1A3956D46DE8}") = "src", "src", "{827E0CD3-B72D-47B6-A68D-7590B98EB39B}"
EndProject
Project("{2150E333-8FDC-42A3-9474-1A3956D46DE8}") = "notifications", "notifications", "{A504C204-FD22-942F-D65C-55CCF1DF20A3}"
EndProject
Project("{FAE04EC0-301F-11D3-BF4B-00C04F79EFBC}") = "TaskBridge.Notifications", "src\notifications\TaskBridge.Notifications.csproj", "{40A6D74C-B0F8-4D7E-AA82-581173057125}"
EndProject
Global
	GlobalSection(SolutionConfigurationPlatforms) = preSolution
		Debug|Any CPU = Debug|Any CPU
		Debug|x64 = Debug|x64
		Debug|x86 = Debug|x86
		Release|Any CPU = Release|Any CPU
		Release|x64 = Release|x64
		Release|x86 = Release|x86
	EndGlobalSection
	GlobalSection(ProjectConfigurationPlatforms) = postSolution
		{3764BB70-8DA6-49E2-9CB5-A6DF4F8FB2DF}.Debug|Any CPU.ActiveCfg = Debug|Any CPU
		{3764BB70-8DA6-49E2-9CB5-A6DF4F8FB2DF}.Debug|Any CPU.Build.0 = Debug|Any CPU
		{3764BB70-8DA6-49E2-9CB5-A6DF4F8FB2DF}.Debug|x64.ActiveCfg = Debug|Any CPU
		{3764BB70-8DA6-49E2-9CB5-A6DF4F8FB2DF}.Debug|x64.Build.0 = Debug|Any CPU
		{3764BB70-8DA6-49E2-9CB5-A6DF4F8FB2DF}.Debug|x86.ActiveCfg = Debug|Any CPU
		{3764BB70-8DA6-49E2-9CB5-A6DF4F8FB2DF}.Debug|x86.Build.0 = Debug|Any CPU
		{3764BB70-8DA6-49E2-9CB5-A6DF4F8FB2DF}.Release|Any CPU.ActiveCfg = Release|Any CPU
		{3764BB70-8DA6-49E2-9CB5-A6DF4F8FB2DF}.Release|Any CPU.Build.0 = Release|Any CPU
		{3764BB70-8DA6-49E2-9CB5-A6DF4F8FB2DF}.Release|x64.ActiveCfg = Release|Any CPU
		{3764BB70-8DA6-49E2-9CB5-A6DF4F8FB2DF}.Release|x64.Build.0 = Release|Any CPU
		{3764BB70-8DA6-49E2-9CB5-A6DF4F8FB2DF}.Release|x86.ActiveCfg = Release|Any CPU
		{3764BB70-8DA6-49E2-9CB5-A6DF4F8FB2DF}.Release|x86.Build.0 = Release|Any CPU
		{C682D39B-758D-4925-B393-87D67E57CE63}.Debug|Any CPU.ActiveCfg = Debug|Any CPU
		{C682D39B-758D-4925-B393-87D67E57CE63}.Debug|Any CPU.Build.0 = Debug|Any CPU
		{C682D39B-758D-4925-B393-87D67E57CE63}.Debug|x64.ActiveCfg = Debug|Any CPU
		{C682D39B-758D-4925-B393-87D67E57CE63}.Debug|x64.Build.0 = Debug|Any CPU
		{C682D39B-758D-4925-B393-87D67E57CE63}.Debug|x86.ActiveCfg = Debug|Any CPU
		{C682D39B-758D-4925-B393-87D67E57CE63}.Debug|x86.Build.0 = Debug|Any CPU
		{C682D39B-758D-4925-B393-87D67E57CE63}.Release|Any CPU.ActiveCfg = Release|Any CPU
		{C682D39B-758D-4925-B393-87D67E57CE63}.Release|Any CPU.Build.0 = Release|Any CPU
		{C682D39B-758D-4925-B393-87D67E57CE63}.Release|x64.ActiveCfg = Release|Any CPU
		{C682D39B-758D-4925-B393-87D67E57CE63}.Release|x64.Build.0 = Release|Any CPU
		{C682D39B-758D-4925-B393-87D67E57CE63}.Release|x86.ActiveCfg = Release|Any CPU
		{C682D39B-758D-4925-B393-87D67E57CE63}.Release|x86.Build.0 = Release|Any CPU
		{1E9AA4E2-F7A9-46B0-8A9B-6B27F7A68D2C}.Debug|Any CPU.ActiveCfg = Debug|Any CPU
		{1E9AA4E2-F7A9-46B0-8A9B-6B27F7A68D2C}.Debug|Any CPU.Build.0 = Debug|Any CPU
		{1E9AA4E2-F7A9-46B0-8A9B-6B27F7A68D2C}.Release|Any CPU.ActiveCfg = Release|Any CPU
		{1E9AA4E2-F7A9-46B0-8A9B-6B27F7A68D2C}.Release|Any CPU.Build.0 = Release|Any CPU
		{40A6D74C-B0F8-4D7E-AA82-581173057125}.Debug|Any CPU.ActiveCfg = Debug|Any CPU
		{40A6D74C-B0F8-4D7E-AA82-581173057125}.Debug|Any CPU.Build.0 = Debug|Any CPU
		{40A6D74C-B0F8-4D7E-AA82-581173057125}.Debug|x64.ActiveCfg = Debug|Any CPU
		{40A6D74C-B0F8-4D7E-AA82-581173057125}.Debug|x64.Build.0 = Debug|Any CPU
		{40A6D74C-B0F8-4D7E-AA82-581173057125}.Debug|x86.ActiveCfg = Debug|Any CPU
		{40A6D74C-B0F8-4D7E-AA82-581173057125}.Debug|x86.Build.0 = Debug|Any CPU
		{40A6D74C-B0F8-4D7E-AA82-581173057125}.Release|Any CPU.ActiveCfg = Release|Any CPU
		{40A6D74C-B0F8-4D7E-AA82-581173057125}.Release|Any CPU.Build.0 = Release|Any CPU
		{40A6D74C-B0F8-4D7E-AA82-581173057125}.Release|x64.ActiveCfg = Release|Any CPU
		{40A6D74C-B0F8-4D7E-AA82-581173057125}.Release|x64.Build.0 = Release|Any CPU
		{40A6D74C-B0F8-4D7E-AA82-581173057125}.Release|x86.ActiveCfg = Release|Any CPU
		{40A6D74C-B0F8-4D7E-AA82-581173057125}.Release|x86.Build.0 = Release|Any CPU
	EndGlobalSection
	GlobalSection(SolutionProperties) = preSolution
		HideSolutionNode = FALSE
	EndGlobalSection
	GlobalSection(NestedProjects) = preSolution
		{A504C204-FD22-942F-D65C-55CCF1DF20A3} = {827E0CD3-B72D-47B6-A68D-7590B98EB39B}
		{40A6D74C-B0F8-4D7E-AA82-581173057125} = {A504C204-FD22-942F-D65C-55CCF1DF20A3}
	EndGlobalSection
EndGlobal
